// !$*UTF8*$!
{
	archiveVersion = 1;
	classes = {
	};
	objectVersion = 46;
	objects = {

/* Begin PBXBuildFile section */
		4C3902CB1BC3891B0005FF42 /* CircleButton.swift in Sources */ = {isa = PBXBuildFile; fileRef = 4C3902CA1BC3891B0005FF42 /* CircleButton.swift */; settings = {ASSET_TAGS = (); }; };
		4CE8A90D1B672FE3005E7566 /* IRSender.swift in Sources */ = {isa = PBXBuildFile; fileRef = 4CE8A90C1B672FE3005E7566 /* IRSender.swift */; };
		4CE8A9101B6748EE005E7566 /* IRCommand.swift in Sources */ = {isa = PBXBuildFile; fileRef = 4CE8A90F1B6748EE005E7566 /* IRCommand.swift */; };
		4CF58D871B6466DA004D3E5E /* AppDelegate.swift in Sources */ = {isa = PBXBuildFile; fileRef = 4CF58D861B6466DA004D3E5E /* AppDelegate.swift */; };
		4CF58D891B6466DA004D3E5E /* ViewController.swift in Sources */ = {isa = PBXBuildFile; fileRef = 4CF58D881B6466DA004D3E5E /* ViewController.swift */; };
		4CF58D8E1B6466DA004D3E5E /* Images.xcassets in Resources */ = {isa = PBXBuildFile; fileRef = 4CF58D8D1B6466DA004D3E5E /* Images.xcassets */; };
		4CF58D9D1B6466DA004D3E5E /* RemoteTests.swift in Sources */ = {isa = PBXBuildFile; fileRef = 4CF58D9C1B6466DA004D3E5E /* RemoteTests.swift */; };
		4CF58DDD1B646878004D3E5E /* itachIP2IR.h in Headers */ = {isa = PBXBuildFile; fileRef = 4CF58DDC1B646878004D3E5E /* itachIP2IR.h */; settings = {ATTRIBUTES = (Private, ); }; };
		4CF58DE21B64B731004D3E5E /* DPCircularGestureRecognizer.h in Headers */ = {isa = PBXBuildFile; fileRef = 4CF58DE01B64B731004D3E5E /* DPCircularGestureRecognizer.h */; };
		4CF58DE31B64B731004D3E5E /* DPCircularGestureRecognizer.m in Sources */ = {isa = PBXBuildFile; fileRef = 4CF58DE11B64B731004D3E5E /* DPCircularGestureRecognizer.m */; };
/* End PBXBuildFile section */

/* Begin PBXContainerItemProxy section */
		4CF58D971B6466DA004D3E5E /* PBXContainerItemProxy */ = {
			isa = PBXContainerItemProxy;
			containerPortal = 4CF58D791B6466DA004D3E5E /* Project object */;
			proxyType = 1;
			remoteGlobalIDString = 4CF58D801B6466DA004D3E5E;
			remoteInfo = Remote;
		};
/* End PBXContainerItemProxy section */

/* Begin PBXFileReference section */
		4C3902CA1BC3891B0005FF42 /* CircleButton.swift */ = {isa = PBXFileReference; fileEncoding = 4; lastKnownFileType = sourcecode.swift; path = CircleButton.swift; sourceTree = "<group>"; };
		4CE8A90C1B672FE3005E7566 /* IRSender.swift */ = {isa = PBXFileReference; fileEncoding = 4; lastKnownFileType = sourcecode.swift; path = IRSender.swift; sourceTree = "<group>"; };
		4CE8A90F1B6748EE005E7566 /* IRCommand.swift */ = {isa = PBXFileReference; fileEncoding = 4; lastKnownFileType = sourcecode.swift; path = IRCommand.swift; sourceTree = "<group>"; };
		4CF58D811B6466DA004D3E5E /* Remote.app */ = {isa = PBXFileReference; explicitFileType = wrapper.application; includeInIndex = 0; path = Remote.app; sourceTree = BUILT_PRODUCTS_DIR; };
		4CF58D851B6466DA004D3E5E /* Info.plist */ = {isa = PBXFileReference; lastKnownFileType = text.plist.xml; path = Info.plist; sourceTree = "<group>"; };
		4CF58D861B6466DA004D3E5E /* AppDelegate.swift */ = {isa = PBXFileReference; lastKnownFileType = sourcecode.swift; path = AppDelegate.swift; sourceTree = "<group>"; };
		4CF58D881B6466DA004D3E5E /* ViewController.swift */ = {isa = PBXFileReference; lastKnownFileType = sourcecode.swift; path = ViewController.swift; sourceTree = "<group>"; };
		4CF58D8D1B6466DA004D3E5E /* Images.xcassets */ = {isa = PBXFileReference; lastKnownFileType = folder.assetcatalog; path = Images.xcassets; sourceTree = "<group>"; };
		4CF58D961B6466DA004D3E5E /* RemoteTests.xctest */ = {isa = PBXFileReference; explicitFileType = wrapper.cfbundle; includeInIndex = 0; path = RemoteTests.xctest; sourceTree = BUILT_PRODUCTS_DIR; };
		4CF58D9B1B6466DA004D3E5E /* Info.plist */ = {isa = PBXFileReference; lastKnownFileType = text.plist.xml; path = Info.plist; sourceTree = "<group>"; };
		4CF58D9C1B6466DA004D3E5E /* RemoteTests.swift */ = {isa = PBXFileReference; lastKnownFileType = sourcecode.swift; path = RemoteTests.swift; sourceTree = "<group>"; };
		4CF58DD71B6467E7004D3E5E /* Remote-Bridging-Header.h */ = {isa = PBXFileReference; lastKnownFileType = sourcecode.c.h; path = "Remote-Bridging-Header.h"; sourceTree = "<group>"; };
		4CF58DDC1B646878004D3E5E /* itachIP2IR.h */ = {isa = PBXFileReference; lastKnownFileType = sourcecode.c.h; name = itachIP2IR.h; path = "../itachIP2IR-master/itachIP2IR/itachIP2IR.h"; sourceTree = "<group>"; };
		4CF58DE01B64B731004D3E5E /* DPCircularGestureRecognizer.h */ = {isa = PBXFileReference; fileEncoding = 4; lastKnownFileType = sourcecode.c.h; name = DPCircularGestureRecognizer.h; path = dpcirculargesturerecognizer/DPCircularGestureRecognizer.h; sourceTree = SOURCE_ROOT; };
		4CF58DE11B64B731004D3E5E /* DPCircularGestureRecognizer.m */ = {isa = PBXFileReference; fileEncoding = 4; lastKnownFileType = sourcecode.c.objc; name = DPCircularGestureRecognizer.m; path = dpcirculargesturerecognizer/DPCircularGestureRecognizer.m; sourceTree = SOURCE_ROOT; };
/* End PBXFileReference section */

/* Begin PBXFrameworksBuildPhase section */
		4CF58D7E1B6466DA004D3E5E /* Frameworks */ = {
			isa = PBXFrameworksBuildPhase;
			buildActionMask = 2147483647;
			files = (
			);
			runOnlyForDeploymentPostprocessing = 0;
		};
		4CF58D931B6466DA004D3E5E /* Frameworks */ = {
			isa = PBXFrameworksBuildPhase;
			buildActionMask = 2147483647;
			files = (
			);
			runOnlyForDeploymentPostprocessing = 0;
		};
/* End PBXFrameworksBuildPhase section */

/* Begin PBXGroup section */
		4CF58D781B6466DA004D3E5E = {
			isa = PBXGroup;
			children = (
				4CF58D831B6466DA004D3E5E /* Remote */,
				4CF58D991B6466DA004D3E5E /* RemoteTests */,
				4CF58D821B6466DA004D3E5E /* Products */,
			);
			sourceTree = "<group>";
		};
		4CF58D821B6466DA004D3E5E /* Products */ = {
			isa = PBXGroup;
			children = (
				4CF58D811B6466DA004D3E5E /* Remote.app */,
				4CF58D961B6466DA004D3E5E /* RemoteTests.xctest */,
			);
			name = Products;
			sourceTree = "<group>";
		};
		4CF58D831B6466DA004D3E5E /* Remote */ = {
			isa = PBXGroup;
			children = (
				4CF58D861B6466DA004D3E5E /* AppDelegate.swift */,
				4CF58D881B6466DA004D3E5E /* ViewController.swift */,
				4CE8A90C1B672FE3005E7566 /* IRSender.swift */,
				4CE8A90F1B6748EE005E7566 /* IRCommand.swift */,
				4C3902CA1BC3891B0005FF42 /* CircleButton.swift */,
				4CF58D8D1B6466DA004D3E5E /* Images.xcassets */,
				4CF58DDF1B64B725004D3E5E /* Vendor */,
				4CF58D841B6466DA004D3E5E /* Supporting Files */,
			);
			path = Remote;
			sourceTree = "<group>";
		};
		4CF58D841B6466DA004D3E5E /* Supporting Files */ = {
			isa = PBXGroup;
			children = (
				4CF58DDC1B646878004D3E5E /* itachIP2IR.h */,
				4CF58D851B6466DA004D3E5E /* Info.plist */,
				4CF58DD71B6467E7004D3E5E /* Remote-Bridging-Header.h */,
			);
			name = "Supporting Files";
			sourceTree = "<group>";
		};
		4CF58D991B6466DA004D3E5E /* RemoteTests */ = {
			isa = PBXGroup;
			children = (
				4CF58D9C1B6466DA004D3E5E /* RemoteTests.swift */,
				4CF58D9A1B6466DA004D3E5E /* Supporting Files */,
			);
			path = RemoteTests;
			sourceTree = "<group>";
		};
		4CF58D9A1B6466DA004D3E5E /* Supporting Files */ = {
			isa = PBXGroup;
			children = (
				4CF58D9B1B6466DA004D3E5E /* Info.plist */,
			);
			name = "Supporting Files";
			sourceTree = "<group>";
		};
		4CF58DDF1B64B725004D3E5E /* Vendor */ = {
			isa = PBXGroup;
			children = (
				4CF58DE01B64B731004D3E5E /* DPCircularGestureRecognizer.h */,
				4CF58DE11B64B731004D3E5E /* DPCircularGestureRecognizer.m */,
			);
			name = Vendor;
			sourceTree = "<group>";
		};
/* End PBXGroup section */

/* Begin PBXHeadersBuildPhase section */
		4CF58DD91B646857004D3E5E /* Headers */ = {
			isa = PBXHeadersBuildPhase;
			buildActionMask = 2147483647;
			files = (
				4CF58DDD1B646878004D3E5E /* itachIP2IR.h in Headers */,
				4CF58DE21B64B731004D3E5E /* DPCircularGestureRecognizer.h in Headers */,
			);
			runOnlyForDeploymentPostprocessing = 0;
		};
/* End PBXHeadersBuildPhase section */

/* Begin PBXNativeTarget section */
		4CF58D801B6466DA004D3E5E /* Remote */ = {
			isa = PBXNativeTarget;
			buildConfigurationList = 4CF58DA01B6466DA004D3E5E /* Build configuration list for PBXNativeTarget "Remote" */;
			buildPhases = (
				4CF58D7D1B6466DA004D3E5E /* Sources */,
				4CF58D7E1B6466DA004D3E5E /* Frameworks */,
				4CF58D7F1B6466DA004D3E5E /* Resources */,
				4CF58DD91B646857004D3E5E /* Headers */,
			);
			buildRules = (
			);
			dependencies = (
			);
			name = Remote;
			productName = Remote;
			productReference = 4CF58D811B6466DA004D3E5E /* Remote.app */;
			productType = "com.apple.product-type.application";
		};
		4CF58D951B6466DA004D3E5E /* RemoteTests */ = {
			isa = PBXNativeTarget;
			buildConfigurationList = 4CF58DA31B6466DA004D3E5E /* Build configuration list for PBXNativeTarget "RemoteTests" */;
			buildPhases = (
				4CF58D921B6466DA004D3E5E /* Sources */,
				4CF58D931B6466DA004D3E5E /* Frameworks */,
				4CF58D941B6466DA004D3E5E /* Resources */,
			);
			buildRules = (
			);
			dependencies = (
				4CF58D981B6466DA004D3E5E /* PBXTargetDependency */,
			);
			name = RemoteTests;
			productName = RemoteTests;
			productReference = 4CF58D961B6466DA004D3E5E /* RemoteTests.xctest */;
			productType = "com.apple.product-type.bundle.unit-test";
		};
/* End PBXNativeTarget section */

/* Begin PBXProject section */
		4CF58D791B6466DA004D3E5E /* Project object */ = {
			isa = PBXProject;
			attributes = {
				LastSwiftMigration = 0700;
				LastSwiftUpdateCheck = 0700;
				LastUpgradeCheck = 0640;
				ORGANIZATIONNAME = michaelvillar;
				TargetAttributes = {
					4CF58D801B6466DA004D3E5E = {
						CreatedOnToolsVersion = 6.4;
						DevelopmentTeam = H9MWYLG8FW;
					};
					4CF58D951B6466DA004D3E5E = {
						CreatedOnToolsVersion = 6.4;
						TestTargetID = 4CF58D801B6466DA004D3E5E;
					};
				};
			};
			buildConfigurationList = 4CF58D7C1B6466DA004D3E5E /* Build configuration list for PBXProject "Remote" */;
			compatibilityVersion = "Xcode 3.2";
			developmentRegion = English;
			hasScannedForEncodings = 0;
			knownRegions = (
				en,
				Base,
			);
			mainGroup = 4CF58D781B6466DA004D3E5E;
			productRefGroup = 4CF58D821B6466DA004D3E5E /* Products */;
			projectDirPath = "";
			projectRoot = "";
			targets = (
				4CF58D801B6466DA004D3E5E /* Remote */,
				4CF58D951B6466DA004D3E5E /* RemoteTests */,
			);
		};
/* End PBXProject section */

/* Begin PBXResourcesBuildPhase section */
		4CF58D7F1B6466DA004D3E5E /* Resources */ = {
			isa = PBXResourcesBuildPhase;
			buildActionMask = 2147483647;
			files = (
				4CF58D8E1B6466DA004D3E5E /* Images.xcassets in Resources */,
			);
			runOnlyForDeploymentPostprocessing = 0;
		};
		4CF58D941B6466DA004D3E5E /* Resources */ = {
			isa = PBXResourcesBuildPhase;
			buildActionMask = 2147483647;
			files = (
			);
			runOnlyForDeploymentPostprocessing = 0;
		};
/* End PBXResourcesBuildPhase section */

/* Begin PBXSourcesBuildPhase section */
		4CF58D7D1B6466DA004D3E5E /* Sources */ = {
			isa = PBXSourcesBuildPhase;
			buildActionMask = 2147483647;
			files = (
				4CE8A9101B6748EE005E7566 /* IRCommand.swift in Sources */,
				4C3902CB1BC3891B0005FF42 /* CircleButton.swift in Sources */,
				4CF58D891B6466DA004D3E5E /* ViewController.swift in Sources */,
				4CE8A90D1B672FE3005E7566 /* IRSender.swift in Sources */,
				4CF58DE31B64B731004D3E5E /* DPCircularGestureRecognizer.m in Sources */,
				4CF58D871B6466DA004D3E5E /* AppDelegate.swift in Sources */,
			);
			runOnlyForDeploymentPostprocessing = 0;
		};
		4CF58D921B6466DA004D3E5E /* Sources */ = {
			isa = PBXSourcesBuildPhase;
			buildActionMask = 2147483647;
			files = (
				4CF58D9D1B6466DA004D3E5E /* RemoteTests.swift in Sources */,
			);
			runOnlyForDeploymentPostprocessing = 0;
		};
/* End PBXSourcesBuildPhase section */

/* Begin PBXTargetDependency section */
		4CF58D981B6466DA004D3E5E /* PBXTargetDependency */ = {
			isa = PBXTargetDependency;
			target = 4CF58D801B6466DA004D3E5E /* Remote */;
			targetProxy = 4CF58D971B6466DA004D3E5E /* PBXContainerItemProxy */;
		};
/* End PBXTargetDependency section */

/* Begin XCBuildConfiguration section */
		4CF58D9E1B6466DA004D3E5E /* Debug */ = {
			isa = XCBuildConfiguration;
			buildSettings = {
				ALWAYS_SEARCH_USER_PATHS = NO;
				CLANG_CXX_LANGUAGE_STANDARD = "gnu++0x";
				CLANG_CXX_LIBRARY = "libc++";
				CLANG_ENABLE_MODULES = YES;
				CLANG_ENABLE_OBJC_ARC = YES;
				CLANG_WARN_BOOL_CONVERSION = YES;
				CLANG_WARN_CONSTANT_CONVERSION = YES;
				CLANG_WARN_DIRECT_OBJC_ISA_USAGE = YES_ERROR;
				CLANG_WARN_EMPTY_BODY = YES;
				CLANG_WARN_ENUM_CONVERSION = YES;
				CLANG_WARN_INT_CONVERSION = YES;
				CLANG_WARN_OBJC_ROOT_CLASS = YES_ERROR;
				CLANG_WARN_UNREACHABLE_CODE = YES;
				CLANG_WARN__DUPLICATE_METHOD_MATCH = YES;
				"CODE_SIGN_IDENTITY[sdk=iphoneos*]" = "iPhone Developer";
				COPY_PHASE_STRIP = NO;
				DEBUG_INFORMATION_FORMAT = "dwarf-with-dsym";
				ENABLE_STRICT_OBJC_MSGSEND = YES;
				GCC_C_LANGUAGE_STANDARD = gnu99;
				GCC_DYNAMIC_NO_PIC = NO;
				GCC_NO_COMMON_BLOCKS = YES;
				GCC_OPTIMIZATION_LEVEL = 0;
				GCC_PREPROCESSOR_DEFINITIONS = (
					"DEBUG=1",
					"$(inherited)",
				);
				GCC_SYMBOLS_PRIVATE_EXTERN = NO;
				GCC_WARN_64_TO_32_BIT_CONVERSION = YES;
				GCC_WARN_ABOUT_RETURN_TYPE = YES_ERROR;
				GCC_WARN_UNDECLARED_SELECTOR = YES;
				GCC_WARN_UNINITIALIZED_AUTOS = YES_AGGRESSIVE;
				GCC_WARN_UNUSED_FUNCTION = YES;
				GCC_WARN_UNUSED_VARIABLE = YES;
				IPHONEOS_DEPLOYMENT_TARGET = 8.4;
				MTL_ENABLE_DEBUG_INFO = YES;
				ONLY_ACTIVE_ARCH = YES;
				SDKROOT = iphoneos;
				SWIFT_OBJC_BRIDGING_HEADER = "./Remote/Remote-Bridging-Header.h";
				SWIFT_OPTIMIZATION_LEVEL = "-Onone";
			};
			name = Debug;
		};
		4CF58D9F1B6466DA004D3E5E /* Release */ = {
			isa = XCBuildConfiguration;
			buildSettings = {
				ALWAYS_SEARCH_USER_PATHS = NO;
				CLANG_CXX_LANGUAGE_STANDARD = "gnu++0x";
				CLANG_CXX_LIBRARY = "libc++";
				CLANG_ENABLE_MODULES = YES;
				CLANG_ENABLE_OBJC_ARC = YES;
				CLANG_WARN_BOOL_CONVERSION = YES;
				CLANG_WARN_CONSTANT_CONVERSION = YES;
				CLANG_WARN_DIRECT_OBJC_ISA_USAGE = YES_ERROR;
				CLANG_WARN_EMPTY_BODY = YES;
				CLANG_WARN_ENUM_CONVERSION = YES;
				CLANG_WARN_INT_CONVERSION = YES;
				CLANG_WARN_OBJC_ROOT_CLASS = YES_ERROR;
				CLANG_WARN_UNREACHABLE_CODE = YES;
				CLANG_WARN__DUPLICATE_METHOD_MATCH = YES;
				"CODE_SIGN_IDENTITY[sdk=iphoneos*]" = "iPhone Developer";
				COPY_PHASE_STRIP = NO;
				DEBUG_INFORMATION_FORMAT = "dwarf-with-dsym";
				ENABLE_NS_ASSERTIONS = NO;
				ENABLE_STRICT_OBJC_MSGSEND = YES;
				GCC_C_LANGUAGE_STANDARD = gnu99;
				GCC_NO_COMMON_BLOCKS = YES;
				GCC_WARN_64_TO_32_BIT_CONVERSION = YES;
				GCC_WARN_ABOUT_RETURN_TYPE = YES_ERROR;
				GCC_WARN_UNDECLARED_SELECTOR = YES;
				GCC_WARN_UNINITIALIZED_AUTOS = YES_AGGRESSIVE;
				GCC_WARN_UNUSED_FUNCTION = YES;
				GCC_WARN_UNUSED_VARIABLE = YES;
				IPHONEOS_DEPLOYMENT_TARGET = 8.4;
				MTL_ENABLE_DEBUG_INFO = NO;
				SDKROOT = iphoneos;
				SWIFT_OBJC_BRIDGING_HEADER = "./Remote/Remote-Bridging-Header.h";
				VALIDATE_PRODUCT = YES;
			};
			name = Release;
		};
		4CF58DA11B6466DA004D3E5E /* Debug */ = {
			isa = XCBuildConfiguration;
			buildSettings = {
				ASSETCATALOG_COMPILER_APPICON_NAME = AppIcon;
				ASSETCATALOG_COMPILER_LAUNCHIMAGE_NAME = LaunchImage;
				CLANG_ENABLE_MODULES = YES;
				CODE_SIGN_IDENTITY = "iPhone Developer";
				"CODE_SIGN_IDENTITY[sdk=iphoneos*]" = "iPhone Developer";
				INFOPLIST_FILE = Remote/Info.plist;
				LD_RUNPATH_SEARCH_PATHS = "$(inherited) @executable_path/Frameworks";
				PRODUCT_NAME = "$(TARGET_NAME)";
				PROVISIONING_PROFILE = "";
				SWIFT_OPTIMIZATION_LEVEL = "-Onone";
			};
			name = Debug;
		};
		4CF58DA21B6466DA004D3E5E /* Release */ = {
			isa = XCBuildConfiguration;
			buildSettings = {
				ASSETCATALOG_COMPILER_APPICON_NAME = AppIcon;
				ASSETCATALOG_COMPILER_LAUNCHIMAGE_NAME = LaunchImage;
				CLANG_ENABLE_MODULES = YES;
				CODE_SIGN_IDENTITY = "iPhone Developer";
				"CODE_SIGN_IDENTITY[sdk=iphoneos*]" = "iPhone Developer";
				INFOPLIST_FILE = Remote/Info.plist;
				LD_RUNPATH_SEARCH_PATHS = "$(inherited) @executable_path/Frameworks";
				PRODUCT_NAME = "$(TARGET_NAME)";
				PROVISIONING_PROFILE = "";
			};
			name = Release;
		};
		4CF58DA41B6466DA004D3E5E /* Debug */ = {
			isa = XCBuildConfiguration;
			buildSettings = {
				BUNDLE_LOADER = "$(TEST_HOST)";
				FRAMEWORK_SEARCH_PATHS = (
					"$(SDKROOT)/Developer/Library/Frameworks",
					"$(inherited)",
				);
				GCC_PREPROCESSOR_DEFINITIONS = (
					"DEBUG=1",
					"$(inherited)",
				);
				INFOPLIST_FILE = RemoteTests/Info.plist;
				LD_RUNPATH_SEARCH_PATHS = "$(inherited) @executable_path/Frameworks @loader_path/Frameworks";
				PRODUCT_NAME = "$(TARGET_NAME)";
				TEST_HOST = "$(BUILT_PRODUCTS_DIR)/Remote.app/Remote";
			};
			name = Debug;
		};
		4CF58DA51B6466DA004D3E5E /* Release */ = {
			isa = XCBuildConfiguration;
			buildSettings = {
				BUNDLE_LOADER = "$(TEST_HOST)";
				FRAMEWORK_SEARCH_PATHS = (
					"$(SDKROOT)/Developer/Library/Frameworks",
					"$(inherited)",
				);
				INFOPLIST_FILE = RemoteTests/Info.plist;
				LD_RUNPATH_SEARCH_PATHS = "$(inherited) @executable_path/Frameworks @loader_path/Frameworks";
				PRODUCT_NAME = "$(TARGET_NAME)";
				TEST_HOST = "$(BUILT_PRODUCTS_DIR)/Remote.app/Remote";
			};
			name = Release;
		};
/* End XCBuildConfiguration section */

/* Begin XCConfigurationList section */
		4CF58D7C1B6466DA004D3E5E /* Build configuration list for PBXProject "Remote" */ = {
			isa = XCConfigurationList;
			buildConfigurations = (
				4CF58D9E1B6466DA004D3E5E /* Debug */,
				4CF58D9F1B6466DA004D3E5E /* Release */,
			);
			defaultConfigurationIsVisible = 0;
			defaultConfigurationName = Release;
		};
		4CF58DA01B6466DA004D3E5E /* Build configuration list for PBXNativeTarget "Remote" */ = {
			isa = XCConfigurationList;
			buildConfigurations = (
				4CF58DA11B6466DA004D3E5E /* Debug */,
				4CF58DA21B6466DA004D3E5E /* Release */,
			);
			defaultConfigurationIsVisible = 0;
			defaultConfigurationName = Release;
		};
		4CF58DA31B6466DA004D3E5E /* Build configuration list for PBXNativeTarget "RemoteTests" */ = {
			isa = XCConfigurationList;
			buildConfigurations = (
				4CF58DA41B6466DA004D3E5E /* Debug */,
				4CF58DA51B6466DA004D3E5E /* Release */,
			);
			defaultConfigurationIsVisible = 0;
			defaultConfigurationName = Release;
		};
/* End XCConfigurationList section */
	};
	rootObject = 4CF58D791B6466DA004D3E5E /* Project object */;
}
